# Generated by buf. DO NOT EDIT.
version: v2
deps:
  - name: buf.build/bufbuild/protovalidate
    commit: 63bb56e204954558946a641ef0d68910
    digest: b5:ec5661b2855484eca2043fe61d27eb22673ab926ccd0e849531752eb17b08402fae1382705cee7f7b42d4d9ec56aff72bba7ec6835902cf6f86323c9ac682d16
  - name: buf.build/googleapis/googleapis
    commit: 546238c53f7340c6a2a6099fb863bc1b
    digest: b5:e017bbf31a3f912e2b969c03c3aa711f466cfe104f510865d1a8ede1be490240aabd4cca5865459a0f15222747284395f98afc094b0fd086e8917a5a7bdd9db0
